// !$*UTF8*$!
{
	archiveVersion = 1;
	classes = {
	};
	objectVersion = 55;
	objects = {

/* Begin PBXBuildFile section */
		1F541B5D299BD95F00106DEE /* RequestFactory.swift in Sources */ = {isa = PBXBuildFile; fileRef = 1F541B5C299BD95F00106DEE /* RequestFactory.swift */; };
		1F541B5F299BD97700106DEE /* Auth.swift in Sources */ = {isa = PBXBuildFile; fileRef = 1F541B5E299BD97700106DEE /* Auth.swift */; };
		1F541B61299BD9A200106DEE /* AuthRequestFactory.swift in Sources */ = {isa = PBXBuildFile; fileRef = 1F541B60299BD9A200106DEE /* AuthRequestFactory.swift */; };
		1F541B67299C0D9A00106DEE /* ProductRequestFactory.swift in Sources */ = {isa = PBXBuildFile; fileRef = 1F541B66299C0D9A00106DEE /* ProductRequestFactory.swift */; };
		1F541B69299C0DA700106DEE /* ProductList.swift in Sources */ = {isa = PBXBuildFile; fileRef = 1F541B68299C0DA700106DEE /* ProductList.swift */; };
		1F541B6B299C0E9300106DEE /* Product.swift in Sources */ = {isa = PBXBuildFile; fileRef = 1F541B6A299C0E9300106DEE /* Product.swift */; };
		1F541B6D299C121900106DEE /* ResponseCodableTests.swift in Sources */ = {isa = PBXBuildFile; fileRef = 1F541B6C299C121900106DEE /* ResponseCodableTests.swift */; };
		1F541B6F299C12CC00106DEE /* AuthTests.swift in Sources */ = {isa = PBXBuildFile; fileRef = 1F541B6E299C12CC00106DEE /* AuthTests.swift */; };
		1F647D7E299BB56B00F8B8A1 /* LoginResult.swift in Sources */ = {isa = PBXBuildFile; fileRef = 1F647D7D299BB56B00F8B8A1 /* LoginResult.swift */; };
		1F647D80299BB57600F8B8A1 /* User.swift in Sources */ = {isa = PBXBuildFile; fileRef = 1F647D7F299BB57600F8B8A1 /* User.swift */; };
		1F647D82299BB58B00F8B8A1 /* ResponseResult.swift in Sources */ = {isa = PBXBuildFile; fileRef = 1F647D81299BB58B00F8B8A1 /* ResponseResult.swift */; };
		1F647D84299BB5C900F8B8A1 /* Gender.swift in Sources */ = {isa = PBXBuildFile; fileRef = 1F647D83299BB5C900F8B8A1 /* Gender.swift */; };
		1F6AB4F42991913B00487207 /* AppDelegate.swift in Sources */ = {isa = PBXBuildFile; fileRef = 1F6AB4F32991913B00487207 /* AppDelegate.swift */; };
		1F6AB4F62991913B00487207 /* SceneDelegate.swift in Sources */ = {isa = PBXBuildFile; fileRef = 1F6AB4F52991913B00487207 /* SceneDelegate.swift */; };
		1F6AB4FD2991913B00487207 /* Assets.xcassets in Resources */ = {isa = PBXBuildFile; fileRef = 1F6AB4FC2991913B00487207 /* Assets.xcassets */; };
		1F6AB5002991913B00487207 /* LaunchScreen.storyboard in Resources */ = {isa = PBXBuildFile; fileRef = 1F6AB4FE2991913B00487207 /* LaunchScreen.storyboard */; };
		1F6AB50B2991913B00487207 /* GBShopTests.swift in Sources */ = {isa = PBXBuildFile; fileRef = 1F6AB50A2991913B00487207 /* GBShopTests.swift */; };
		1F6AB5152991913B00487207 /* GBShopUITests.swift in Sources */ = {isa = PBXBuildFile; fileRef = 1F6AB5142991913B00487207 /* GBShopUITests.swift */; };
		1F6AB52D299A782500487207 /* DataRequest.swift in Sources */ = {isa = PBXBuildFile; fileRef = 1F6AB52C299A782500487207 /* DataRequest.swift */; };
		1F6AB52F299A783A00487207 /* RequestRouter.swift in Sources */ = {isa = PBXBuildFile; fileRef = 1F6AB52E299A783A00487207 /* RequestRouter.swift */; };
		1F6AB531299A786A00487207 /* AbstractRequestFactory.swift in Sources */ = {isa = PBXBuildFile; fileRef = 1F6AB530299A786A00487207 /* AbstractRequestFactory.swift */; };
		1F6AB535299A78A600487207 /* ErrorParser.swift in Sources */ = {isa = PBXBuildFile; fileRef = 1F6AB534299A78A600487207 /* ErrorParser.swift */; };
		1F6AB537299A78BF00487207 /* AbstractErrorParser.swift in Sources */ = {isa = PBXBuildFile; fileRef = 1F6AB536299A78BF00487207 /* AbstractErrorParser.swift */; };
		1FE2A55C29A7A8DA006E9CD4 /* ReviewRequestFactory.swift in Sources */ = {isa = PBXBuildFile; fileRef = 1FE2A55B29A7A8DA006E9CD4 /* ReviewRequestFactory.swift */; };
		1FE2A55E29A7A8E7006E9CD4 /* Review.swift in Sources */ = {isa = PBXBuildFile; fileRef = 1FE2A55D29A7A8E7006E9CD4 /* Review.swift */; };
		1FE2A56029A7A99A006E9CD4 /* ResultUserMessage.swift in Sources */ = {isa = PBXBuildFile; fileRef = 1FE2A55F29A7A99A006E9CD4 /* ResultUserMessage.swift */; };
		1FE2A56429AD0892006E9CD4 /* Basket.swift in Sources */ = {isa = PBXBuildFile; fileRef = 1FE2A56329AD0892006E9CD4 /* Basket.swift */; };
		1FE2A56629AD08A6006E9CD4 /* BasketRequestFactory.swift in Sources */ = {isa = PBXBuildFile; fileRef = 1FE2A56529AD08A6006E9CD4 /* BasketRequestFactory.swift */; };
		1FE2A56829AFB876006E9CD4 /* AuthViewController.swift in Sources */ = {isa = PBXBuildFile; fileRef = 1FE2A56729AFB876006E9CD4 /* AuthViewController.swift */; };
		1FE2A56A29AFB8BF006E9CD4 /* AuthBussinesModel.swift in Sources */ = {isa = PBXBuildFile; fileRef = 1FE2A56929AFB8BF006E9CD4 /* AuthBussinesModel.swift */; };
		1FE2A56C29AFB917006E9CD4 /* NetworkModel.swift in Sources */ = {isa = PBXBuildFile; fileRef = 1FE2A56B29AFB917006E9CD4 /* NetworkModel.swift */; };
		1FE2A56E29AFB94F006E9CD4 /* AuthFunction.swift in Sources */ = {isa = PBXBuildFile; fileRef = 1FE2A56D29AFB94F006E9CD4 /* AuthFunction.swift */; };
		1FE2A57029AFC295006E9CD4 /* ReviewFunction.swift in Sources */ = {isa = PBXBuildFile; fileRef = 1FE2A56F29AFC295006E9CD4 /* ReviewFunction.swift */; };
		1FE2A57229AFC2AF006E9CD4 /* ReviewBussinesModel.swift in Sources */ = {isa = PBXBuildFile; fileRef = 1FE2A57129AFC2AF006E9CD4 /* ReviewBussinesModel.swift */; };
		1FE2A57429AFC32D006E9CD4 /* BasketFunction.swift in Sources */ = {isa = PBXBuildFile; fileRef = 1FE2A57329AFC32D006E9CD4 /* BasketFunction.swift */; };
		1FE2A57629AFC33F006E9CD4 /* BasketBussinesModel.swift in Sources */ = {isa = PBXBuildFile; fileRef = 1FE2A57529AFC33F006E9CD4 /* BasketBussinesModel.swift */; };
		1FE2A57829AFC3D7006E9CD4 /* ProductFunction.swift in Sources */ = {isa = PBXBuildFile; fileRef = 1FE2A57729AFC3D7006E9CD4 /* ProductFunction.swift */; };
		1FE2A57A29AFC3E9006E9CD4 /* ProductBussinesModel.swift in Sources */ = {isa = PBXBuildFile; fileRef = 1FE2A57929AFC3E9006E9CD4 /* ProductBussinesModel.swift */; };
		1FE2A57D29B8A422006E9CD4 /* LoginFunction.swift in Sources */ = {isa = PBXBuildFile; fileRef = 1FE2A57C29B8A422006E9CD4 /* LoginFunction.swift */; };
		1FE2A57F29B8A42C006E9CD4 /* Login.swift in Sources */ = {isa = PBXBuildFile; fileRef = 1FE2A57E29B8A42C006E9CD4 /* Login.swift */; };
		1FE2A58129B8A43D006E9CD4 /* LoginRequestFactory.swift in Sources */ = {isa = PBXBuildFile; fileRef = 1FE2A58029B8A43D006E9CD4 /* LoginRequestFactory.swift */; };
		1FE2A58329B8A44E006E9CD4 /* LoginBussinesModel.swift in Sources */ = {isa = PBXBuildFile; fileRef = 1FE2A58229B8A44E006E9CD4 /* LoginBussinesModel.swift */; };
		1FE2A58529B8A5B1006E9CD4 /* AddReviewRequestFactory.swift in Sources */ = {isa = PBXBuildFile; fileRef = 1FE2A58429B8A5B1006E9CD4 /* AddReviewRequestFactory.swift */; };
		1FE2A58729B8A5BB006E9CD4 /* AddReview.swift in Sources */ = {isa = PBXBuildFile; fileRef = 1FE2A58629B8A5BB006E9CD4 /* AddReview.swift */; };
		1FE2A58929B8A5D9006E9CD4 /* AddReviewBussinesModel.swift in Sources */ = {isa = PBXBuildFile; fileRef = 1FE2A58829B8A5D9006E9CD4 /* AddReviewBussinesModel.swift */; };
		1FE2A58B29B8A7F8006E9CD4 /* ProductListViewController.swift in Sources */ = {isa = PBXBuildFile; fileRef = 1FE2A58A29B8A7F8006E9CD4 /* ProductListViewController.swift */; };
		1FE2A58D29B92DDC006E9CD4 /* ProductInfoViewController.swift in Sources */ = {isa = PBXBuildFile; fileRef = 1FE2A58C29B92DDC006E9CD4 /* ProductInfoViewController.swift */; };
		1FE2A58F29B92DF1006E9CD4 /* ReviewUserTableViewCell.swift in Sources */ = {isa = PBXBuildFile; fileRef = 1FE2A58E29B92DF1006E9CD4 /* ReviewUserTableViewCell.swift */; };
		1FE2A59129B92E2F006E9CD4 /* ReviewUser.swift in Sources */ = {isa = PBXBuildFile; fileRef = 1FE2A59029B92E2F006E9CD4 /* ReviewUser.swift */; };
		2CC511FFC385DA7FD53BF481 /* Pods_GBShopTests.framework in Frameworks */ = {isa = PBXBuildFile; fileRef = 0587CDD0582B61233EFBE865 /* Pods_GBShopTests.framework */; };
		8C99C075F74FE44013789E8E /* Pods_GBShop.framework in Frameworks */ = {isa = PBXBuildFile; fileRef = 8AFB4B3974B97C66E6073315 /* Pods_GBShop.framework */; };
		8F39A3C874E2395D15F00E84 /* Pods_GBShop_GBShopUITests.framework in Frameworks */ = {isa = PBXBuildFile; fileRef = 50182F1CDB536C8DD0231E5E /* Pods_GBShop_GBShopUITests.framework */; };
/* End PBXBuildFile section */

/* Begin PBXContainerItemProxy section */
		1F6AB5072991913B00487207 /* PBXContainerItemProxy */ = {
			isa = PBXContainerItemProxy;
			containerPortal = 1F6AB4E82991913B00487207 /* Project object */;
			proxyType = 1;
			remoteGlobalIDString = 1F6AB4EF2991913B00487207;
			remoteInfo = GBShop;
		};
		1F6AB5112991913B00487207 /* PBXContainerItemProxy */ = {
			isa = PBXContainerItemProxy;
			containerPortal = 1F6AB4E82991913B00487207 /* Project object */;
			proxyType = 1;
			remoteGlobalIDString = 1F6AB4EF2991913B00487207;
			remoteInfo = GBShop;
		};
/* End PBXContainerItemProxy section */

/* Begin PBXFileReference section */
		0587CDD0582B61233EFBE865 /* Pods_GBShopTests.framework */ = {isa = PBXFileReference; explicitFileType = wrapper.framework; includeInIndex = 0; path = Pods_GBShopTests.framework; sourceTree = BUILT_PRODUCTS_DIR; };
		1F541B5C299BD95F00106DEE /* RequestFactory.swift */ = {isa = PBXFileReference; lastKnownFileType = sourcecode.swift; path = RequestFactory.swift; sourceTree = "<group>"; };
		1F541B5E299BD97700106DEE /* Auth.swift */ = {isa = PBXFileReference; lastKnownFileType = sourcecode.swift; path = Auth.swift; sourceTree = "<group>"; };
		1F541B60299BD9A200106DEE /* AuthRequestFactory.swift */ = {isa = PBXFileReference; lastKnownFileType = sourcecode.swift; path = AuthRequestFactory.swift; sourceTree = "<group>"; };
		1F541B66299C0D9A00106DEE /* ProductRequestFactory.swift */ = {isa = PBXFileReference; lastKnownFileType = sourcecode.swift; path = ProductRequestFactory.swift; sourceTree = "<group>"; };
		1F541B68299C0DA700106DEE /* ProductList.swift */ = {isa = PBXFileReference; lastKnownFileType = sourcecode.swift; path = ProductList.swift; sourceTree = "<group>"; };
		1F541B6A299C0E9300106DEE /* Product.swift */ = {isa = PBXFileReference; lastKnownFileType = sourcecode.swift; path = Product.swift; sourceTree = "<group>"; };
		1F541B6C299C121900106DEE /* ResponseCodableTests.swift */ = {isa = PBXFileReference; lastKnownFileType = sourcecode.swift; path = ResponseCodableTests.swift; sourceTree = "<group>"; };
		1F541B6E299C12CC00106DEE /* AuthTests.swift */ = {isa = PBXFileReference; lastKnownFileType = sourcecode.swift; path = AuthTests.swift; sourceTree = "<group>"; };
		1F647D7D299BB56B00F8B8A1 /* LoginResult.swift */ = {isa = PBXFileReference; lastKnownFileType = sourcecode.swift; path = LoginResult.swift; sourceTree = "<group>"; };
		1F647D7F299BB57600F8B8A1 /* User.swift */ = {isa = PBXFileReference; lastKnownFileType = sourcecode.swift; path = User.swift; sourceTree = "<group>"; };
		1F647D81299BB58B00F8B8A1 /* ResponseResult.swift */ = {isa = PBXFileReference; lastKnownFileType = sourcecode.swift; path = ResponseResult.swift; sourceTree = "<group>"; };
		1F647D83299BB5C900F8B8A1 /* Gender.swift */ = {isa = PBXFileReference; lastKnownFileType = sourcecode.swift; path = Gender.swift; sourceTree = "<group>"; };
		1F647D91299BBDCE00F8B8A1 /* Info.plist */ = {isa = PBXFileReference; fileEncoding = 4; lastKnownFileType = text.plist.xml; path = Info.plist; sourceTree = "<group>"; };
		1F6AB4F02991913B00487207 /* GBShop.app */ = {isa = PBXFileReference; explicitFileType = wrapper.application; includeInIndex = 0; path = GBShop.app; sourceTree = BUILT_PRODUCTS_DIR; };
		1F6AB4F32991913B00487207 /* AppDelegate.swift */ = {isa = PBXFileReference; lastKnownFileType = sourcecode.swift; path = AppDelegate.swift; sourceTree = "<group>"; };
		1F6AB4F52991913B00487207 /* SceneDelegate.swift */ = {isa = PBXFileReference; lastKnownFileType = sourcecode.swift; path = SceneDelegate.swift; sourceTree = "<group>"; };
		1F6AB4FC2991913B00487207 /* Assets.xcassets */ = {isa = PBXFileReference; lastKnownFileType = folder.assetcatalog; path = Assets.xcassets; sourceTree = "<group>"; };
		1F6AB4FF2991913B00487207 /* Base */ = {isa = PBXFileReference; lastKnownFileType = file.storyboard; name = Base; path = Base.lproj/LaunchScreen.storyboard; sourceTree = "<group>"; };
		1F6AB5062991913B00487207 /* GBShopTests.xctest */ = {isa = PBXFileReference; explicitFileType = wrapper.cfbundle; includeInIndex = 0; path = GBShopTests.xctest; sourceTree = BUILT_PRODUCTS_DIR; };
		1F6AB50A2991913B00487207 /* GBShopTests.swift */ = {isa = PBXFileReference; lastKnownFileType = sourcecode.swift; path = GBShopTests.swift; sourceTree = "<group>"; };
		1F6AB5102991913B00487207 /* GBShopUITests.xctest */ = {isa = PBXFileReference; explicitFileType = wrapper.cfbundle; includeInIndex = 0; path = GBShopUITests.xctest; sourceTree = BUILT_PRODUCTS_DIR; };
		1F6AB5142991913B00487207 /* GBShopUITests.swift */ = {isa = PBXFileReference; lastKnownFileType = sourcecode.swift; path = GBShopUITests.swift; sourceTree = "<group>"; };
		1F6AB52C299A782500487207 /* DataRequest.swift */ = {isa = PBXFileReference; lastKnownFileType = sourcecode.swift; path = DataRequest.swift; sourceTree = "<group>"; };
		1F6AB52E299A783A00487207 /* RequestRouter.swift */ = {isa = PBXFileReference; lastKnownFileType = sourcecode.swift; path = RequestRouter.swift; sourceTree = "<group>"; };
		1F6AB530299A786A00487207 /* AbstractRequestFactory.swift */ = {isa = PBXFileReference; lastKnownFileType = sourcecode.swift; path = AbstractRequestFactory.swift; sourceTree = "<group>"; };
		1F6AB534299A78A600487207 /* ErrorParser.swift */ = {isa = PBXFileReference; lastKnownFileType = sourcecode.swift; path = ErrorParser.swift; sourceTree = "<group>"; };
		1F6AB536299A78BF00487207 /* AbstractErrorParser.swift */ = {isa = PBXFileReference; lastKnownFileType = sourcecode.swift; path = AbstractErrorParser.swift; sourceTree = "<group>"; };
		1FE2A55B29A7A8DA006E9CD4 /* ReviewRequestFactory.swift */ = {isa = PBXFileReference; lastKnownFileType = sourcecode.swift; path = ReviewRequestFactory.swift; sourceTree = "<group>"; };
		1FE2A55D29A7A8E7006E9CD4 /* Review.swift */ = {isa = PBXFileReference; lastKnownFileType = sourcecode.swift; path = Review.swift; sourceTree = "<group>"; };
		1FE2A55F29A7A99A006E9CD4 /* ResultUserMessage.swift */ = {isa = PBXFileReference; lastKnownFileType = sourcecode.swift; path = ResultUserMessage.swift; sourceTree = "<group>"; };
		1FE2A56329AD0892006E9CD4 /* Basket.swift */ = {isa = PBXFileReference; lastKnownFileType = sourcecode.swift; path = Basket.swift; sourceTree = "<group>"; };
		1FE2A56529AD08A6006E9CD4 /* BasketRequestFactory.swift */ = {isa = PBXFileReference; lastKnownFileType = sourcecode.swift; path = BasketRequestFactory.swift; sourceTree = "<group>"; };
		1FE2A56729AFB876006E9CD4 /* AuthViewController.swift */ = {isa = PBXFileReference; lastKnownFileType = sourcecode.swift; path = AuthViewController.swift; sourceTree = "<group>"; };
		1FE2A56929AFB8BF006E9CD4 /* AuthBussinesModel.swift */ = {isa = PBXFileReference; lastKnownFileType = sourcecode.swift; path = AuthBussinesModel.swift; sourceTree = "<group>"; };
		1FE2A56B29AFB917006E9CD4 /* NetworkModel.swift */ = {isa = PBXFileReference; lastKnownFileType = sourcecode.swift; path = NetworkModel.swift; sourceTree = "<group>"; };
		1FE2A56D29AFB94F006E9CD4 /* AuthFunction.swift */ = {isa = PBXFileReference; lastKnownFileType = sourcecode.swift; path = AuthFunction.swift; sourceTree = "<group>"; };
		1FE2A56F29AFC295006E9CD4 /* ReviewFunction.swift */ = {isa = PBXFileReference; lastKnownFileType = sourcecode.swift; path = ReviewFunction.swift; sourceTree = "<group>"; };
		1FE2A57129AFC2AF006E9CD4 /* ReviewBussinesModel.swift */ = {isa = PBXFileReference; lastKnownFileType = sourcecode.swift; path = ReviewBussinesModel.swift; sourceTree = "<group>"; };
		1FE2A57329AFC32D006E9CD4 /* BasketFunction.swift */ = {isa = PBXFileReference; lastKnownFileType = sourcecode.swift; path = BasketFunction.swift; sourceTree = "<group>"; };
		1FE2A57529AFC33F006E9CD4 /* BasketBussinesModel.swift */ = {isa = PBXFileReference; lastKnownFileType = sourcecode.swift; path = BasketBussinesModel.swift; sourceTree = "<group>"; };
		1FE2A57729AFC3D7006E9CD4 /* ProductFunction.swift */ = {isa = PBXFileReference; lastKnownFileType = sourcecode.swift; path = ProductFunction.swift; sourceTree = "<group>"; };
		1FE2A57929AFC3E9006E9CD4 /* ProductBussinesModel.swift */ = {isa = PBXFileReference; lastKnownFileType = sourcecode.swift; path = ProductBussinesModel.swift; sourceTree = "<group>"; };
		1FE2A57C29B8A422006E9CD4 /* LoginFunction.swift */ = {isa = PBXFileReference; lastKnownFileType = sourcecode.swift; path = LoginFunction.swift; sourceTree = "<group>"; };
		1FE2A57E29B8A42C006E9CD4 /* Login.swift */ = {isa = PBXFileReference; lastKnownFileType = sourcecode.swift; path = Login.swift; sourceTree = "<group>"; };
		1FE2A58029B8A43D006E9CD4 /* LoginRequestFactory.swift */ = {isa = PBXFileReference; lastKnownFileType = sourcecode.swift; path = LoginRequestFactory.swift; sourceTree = "<group>"; };
		1FE2A58229B8A44E006E9CD4 /* LoginBussinesModel.swift */ = {isa = PBXFileReference; lastKnownFileType = sourcecode.swift; path = LoginBussinesModel.swift; sourceTree = "<group>"; };
		1FE2A58429B8A5B1006E9CD4 /* AddReviewRequestFactory.swift */ = {isa = PBXFileReference; lastKnownFileType = sourcecode.swift; path = AddReviewRequestFactory.swift; sourceTree = "<group>"; };
		1FE2A58629B8A5BB006E9CD4 /* AddReview.swift */ = {isa = PBXFileReference; lastKnownFileType = sourcecode.swift; path = AddReview.swift; sourceTree = "<group>"; };
		1FE2A58829B8A5D9006E9CD4 /* AddReviewBussinesModel.swift */ = {isa = PBXFileReference; lastKnownFileType = sourcecode.swift; path = AddReviewBussinesModel.swift; sourceTree = "<group>"; };
		1FE2A58A29B8A7F8006E9CD4 /* ProductListViewController.swift */ = {isa = PBXFileReference; lastKnownFileType = sourcecode.swift; path = ProductListViewController.swift; sourceTree = "<group>"; };
		1FE2A58C29B92DDC006E9CD4 /* ProductInfoViewController.swift */ = {isa = PBXFileReference; lastKnownFileType = sourcecode.swift; path = ProductInfoViewController.swift; sourceTree = "<group>"; };
		1FE2A58E29B92DF1006E9CD4 /* ReviewUserTableViewCell.swift */ = {isa = PBXFileReference; lastKnownFileType = sourcecode.swift; path = ReviewUserTableViewCell.swift; sourceTree = "<group>"; };
		1FE2A59029B92E2F006E9CD4 /* ReviewUser.swift */ = {isa = PBXFileReference; lastKnownFileType = sourcecode.swift; path = ReviewUser.swift; sourceTree = "<group>"; };
		3F7C4A215FEDD247BE082DE5 /* Pods-GBShopTests.debug.xcconfig */ = {isa = PBXFileReference; includeInIndex = 1; lastKnownFileType = text.xcconfig; name = "Pods-GBShopTests.debug.xcconfig"; path = "Target Support Files/Pods-GBShopTests/Pods-GBShopTests.debug.xcconfig"; sourceTree = "<group>"; };
		50182F1CDB536C8DD0231E5E /* Pods_GBShop_GBShopUITests.framework */ = {isa = PBXFileReference; explicitFileType = wrapper.framework; includeInIndex = 0; path = Pods_GBShop_GBShopUITests.framework; sourceTree = BUILT_PRODUCTS_DIR; };
		8AFB4B3974B97C66E6073315 /* Pods_GBShop.framework */ = {isa = PBXFileReference; explicitFileType = wrapper.framework; includeInIndex = 0; path = Pods_GBShop.framework; sourceTree = BUILT_PRODUCTS_DIR; };
		9464E953773A4B59F293D911 /* Pods-GBShop.release.xcconfig */ = {isa = PBXFileReference; includeInIndex = 1; lastKnownFileType = text.xcconfig; name = "Pods-GBShop.release.xcconfig"; path = "Target Support Files/Pods-GBShop/Pods-GBShop.release.xcconfig"; sourceTree = "<group>"; };
		9F848A94A0109A5ED9E74915 /* Pods-GBShop-GBShopUITests.debug.xcconfig */ = {isa = PBXFileReference; includeInIndex = 1; lastKnownFileType = text.xcconfig; name = "Pods-GBShop-GBShopUITests.debug.xcconfig"; path = "Target Support Files/Pods-GBShop-GBShopUITests/Pods-GBShop-GBShopUITests.debug.xcconfig"; sourceTree = "<group>"; };
		AFE94C197E94EF8499357202 /* Pods-GBShop-GBShopUITests.release.xcconfig */ = {isa = PBXFileReference; includeInIndex = 1; lastKnownFileType = text.xcconfig; name = "Pods-GBShop-GBShopUITests.release.xcconfig"; path = "Target Support Files/Pods-GBShop-GBShopUITests/Pods-GBShop-GBShopUITests.release.xcconfig"; sourceTree = "<group>"; };
		B9861B8DEA6BF2AEAC9FEC60 /* Pods-GBShopTests.release.xcconfig */ = {isa = PBXFileReference; includeInIndex = 1; lastKnownFileType = text.xcconfig; name = "Pods-GBShopTests.release.xcconfig"; path = "Target Support Files/Pods-GBShopTests/Pods-GBShopTests.release.xcconfig"; sourceTree = "<group>"; };
		C349352CA08B62CB9F37DDFE /* Pods-GBShop.debug.xcconfig */ = {isa = PBXFileReference; includeInIndex = 1; lastKnownFileType = text.xcconfig; name = "Pods-GBShop.debug.xcconfig"; path = "Target Support Files/Pods-GBShop/Pods-GBShop.debug.xcconfig"; sourceTree = "<group>"; };
/* End PBXFileReference section */

/* Begin PBXFrameworksBuildPhase section */
		1F6AB4ED2991913B00487207 /* Frameworks */ = {
			isa = PBXFrameworksBuildPhase;
			buildActionMask = 2147483647;
			files = (
				8C99C075F74FE44013789E8E /* Pods_GBShop.framework in Frameworks */,
			);
			runOnlyForDeploymentPostprocessing = 0;
		};
		1F6AB5032991913B00487207 /* Frameworks */ = {
			isa = PBXFrameworksBuildPhase;
			buildActionMask = 2147483647;
			files = (
				2CC511FFC385DA7FD53BF481 /* Pods_GBShopTests.framework in Frameworks */,
			);
			runOnlyForDeploymentPostprocessing = 0;
		};
		1F6AB50D2991913B00487207 /* Frameworks */ = {
			isa = PBXFrameworksBuildPhase;
			buildActionMask = 2147483647;
			files = (
				8F39A3C874E2395D15F00E84 /* Pods_GBShop_GBShopUITests.framework in Frameworks */,
			);
			runOnlyForDeploymentPostprocessing = 0;
		};
/* End PBXFrameworksBuildPhase section */

/* Begin PBXGroup section */
		15D6CAEC1D49A3C736A17A4B /* Pods */ = {
			isa = PBXGroup;
			children = (
				C349352CA08B62CB9F37DDFE /* Pods-GBShop.debug.xcconfig */,
				9464E953773A4B59F293D911 /* Pods-GBShop.release.xcconfig */,
				9F848A94A0109A5ED9E74915 /* Pods-GBShop-GBShopUITests.debug.xcconfig */,
				AFE94C197E94EF8499357202 /* Pods-GBShop-GBShopUITests.release.xcconfig */,
				3F7C4A215FEDD247BE082DE5 /* Pods-GBShopTests.debug.xcconfig */,
				B9861B8DEA6BF2AEAC9FEC60 /* Pods-GBShopTests.release.xcconfig */,
			);
			path = Pods;
			sourceTree = "<group>";
		};
		1F541B5B299BD93C00106DEE /* Network */ = {
			isa = PBXGroup;
			children = (
				1FE2A57B29B8A40C006E9CD4 /* Login */,
				1FE2A56229AD0874006E9CD4 /* Basket */,
				1FE2A55A29A7A8AB006E9CD4 /* Review */,
				1F541B63299C0CFE00106DEE /* Auth */,
				1F541B62299C0CE100106DEE /* Product */,
				1F541B5C299BD95F00106DEE /* RequestFactory.swift */,
			);
			path = Network;
			sourceTree = "<group>";
		};
		1F541B62299C0CE100106DEE /* Product */ = {
			isa = PBXGroup;
			children = (
				1F541B66299C0D9A00106DEE /* ProductRequestFactory.swift */,
				1F541B68299C0DA700106DEE /* ProductList.swift */,
				1FE2A57729AFC3D7006E9CD4 /* ProductFunction.swift */,
				1FE2A57929AFC3E9006E9CD4 /* ProductBussinesModel.swift */,
			);
			path = Product;
			sourceTree = "<group>";
		};
		1F541B63299C0CFE00106DEE /* Auth */ = {
			isa = PBXGroup;
			children = (
				1F541B60299BD9A200106DEE /* AuthRequestFactory.swift */,
				1F541B5E299BD97700106DEE /* Auth.swift */,
				1FE2A56929AFB8BF006E9CD4 /* AuthBussinesModel.swift */,
				1FE2A56D29AFB94F006E9CD4 /* AuthFunction.swift */,
			);
			path = Auth;
			sourceTree = "<group>";
		};
		1F6AB4E72991913B00487207 = {
			isa = PBXGroup;
			children = (
				1F6AB4F22991913B00487207 /* GBShop */,
				1F6AB5092991913B00487207 /* GBShopTests */,
				1F6AB5132991913B00487207 /* GBShopUITests */,
				1F6AB4F12991913B00487207 /* Products */,
				15D6CAEC1D49A3C736A17A4B /* Pods */,
				F547C8B4BA45586B1F35A1FD /* Frameworks */,
			);
			sourceTree = "<group>";
		};
		1F6AB4F12991913B00487207 /* Products */ = {
			isa = PBXGroup;
			children = (
				1F6AB4F02991913B00487207 /* GBShop.app */,
				1F6AB5062991913B00487207 /* GBShopTests.xctest */,
				1F6AB5102991913B00487207 /* GBShopUITests.xctest */,
			);
			name = Products;
			sourceTree = "<group>";
		};
		1F6AB4F22991913B00487207 /* GBShop */ = {
			isa = PBXGroup;
			children = (
				1F6AB5262991923A00487207 /* Environments */,
				1F6AB5252991923100487207 /* Resources */,
				1F6AB5242991922900487207 /* Core */,
				1F6AB5232991921F00487207 /* App */,
			);
			path = GBShop;
			sourceTree = "<group>";
		};
		1F6AB5092991913B00487207 /* GBShopTests */ = {
			isa = PBXGroup;
			children = (
				1F6AB50A2991913B00487207 /* GBShopTests.swift */,
				1F541B6C299C121900106DEE /* ResponseCodableTests.swift */,
				1F541B6E299C12CC00106DEE /* AuthTests.swift */,
			);
			path = GBShopTests;
			sourceTree = "<group>";
		};
		1F6AB5132991913B00487207 /* GBShopUITests */ = {
			isa = PBXGroup;
			children = (
				1F6AB5142991913B00487207 /* GBShopUITests.swift */,
			);
			path = GBShopUITests;
			sourceTree = "<group>";
		};
		1F6AB5232991921F00487207 /* App */ = {
			isa = PBXGroup;
			children = (
				1F6AB4F52991913B00487207 /* SceneDelegate.swift */,
				1F6AB4F32991913B00487207 /* AppDelegate.swift */,
				1F6AB52A2991926200487207 /* BusinesLogic */,
				1F6AB5292991925A00487207 /* Entity */,
				1F6AB5282991925100487207 /* Assembly */,
				1F6AB5272991924B00487207 /* Flows */,
			);
			path = App;
			sourceTree = "<group>";
		};
		1F6AB5242991922900487207 /* Core */ = {
			isa = PBXGroup;
			children = (
				1F6AB52B299A780C00487207 /* Network */,
			);
			path = Core;
			sourceTree = "<group>";
		};
		1F6AB5252991923100487207 /* Resources */ = {
			isa = PBXGroup;
			children = (
				1F6AB4FC2991913B00487207 /* Assets.xcassets */,
				1F6AB4FE2991913B00487207 /* LaunchScreen.storyboard */,
			);
			path = Resources;
			sourceTree = "<group>";
		};
		1F6AB5262991923A00487207 /* Environments */ = {
			isa = PBXGroup;
			children = (
				1F647D91299BBDCE00F8B8A1 /* Info.plist */,
			);
			path = Environments;
			sourceTree = "<group>";
		};
		1F6AB5272991924B00487207 /* Flows */ = {
			isa = PBXGroup;
			children = (
				1FE2A56729AFB876006E9CD4 /* AuthViewController.swift */,
				1FE2A58A29B8A7F8006E9CD4 /* ProductListViewController.swift */,
				1FE2A58C29B92DDC006E9CD4 /* ProductInfoViewController.swift */,
				1FE2A58E29B92DF1006E9CD4 /* ReviewUserTableViewCell.swift */,
			);
			path = Flows;
			sourceTree = "<group>";
		};
		1F6AB5282991925100487207 /* Assembly */ = {
			isa = PBXGroup;
			children = (
			);
			path = Assembly;
			sourceTree = "<group>";
		};
		1F6AB5292991925A00487207 /* Entity */ = {
			isa = PBXGroup;
			children = (
				1F647D7D299BB56B00F8B8A1 /* LoginResult.swift */,
				1F647D7F299BB57600F8B8A1 /* User.swift */,
				1F647D81299BB58B00F8B8A1 /* ResponseResult.swift */,
				1F647D83299BB5C900F8B8A1 /* Gender.swift */,
				1F541B6A299C0E9300106DEE /* Product.swift */,
				1FE2A55F29A7A99A006E9CD4 /* ResultUserMessage.swift */,
				1FE2A59029B92E2F006E9CD4 /* ReviewUser.swift */,
			);
			path = Entity;
			sourceTree = "<group>";
		};
		1F6AB52A2991926200487207 /* BusinesLogic */ = {
			isa = PBXGroup;
			children = (
				1F541B5B299BD93C00106DEE /* Network */,
			);
			path = BusinesLogic;
			sourceTree = "<group>";
		};
		1F6AB52B299A780C00487207 /* Network */ = {
			isa = PBXGroup;
			children = (
				1F6AB530299A786A00487207 /* AbstractRequestFactory.swift */,
				1F6AB536299A78BF00487207 /* AbstractErrorParser.swift */,
				1F6AB534299A78A600487207 /* ErrorParser.swift */,
				1F6AB52E299A783A00487207 /* RequestRouter.swift */,
				1F6AB52C299A782500487207 /* DataRequest.swift */,
				1FE2A56B29AFB917006E9CD4 /* NetworkModel.swift */,
			);
			path = Network;
			sourceTree = "<group>";
		};
		1FE2A55A29A7A8AB006E9CD4 /* Review */ = {
			isa = PBXGroup;
			children = (
				1FE2A55B29A7A8DA006E9CD4 /* ReviewRequestFactory.swift */,
				1FE2A55D29A7A8E7006E9CD4 /* Review.swift */,
				1FE2A56F29AFC295006E9CD4 /* ReviewFunction.swift */,
				1FE2A57129AFC2AF006E9CD4 /* ReviewBussinesModel.swift */,
				1FE2A58429B8A5B1006E9CD4 /* AddReviewRequestFactory.swift */,
				1FE2A58629B8A5BB006E9CD4 /* AddReview.swift */,
				1FE2A58829B8A5D9006E9CD4 /* AddReviewBussinesModel.swift */,
			);
			path = Review;
			sourceTree = "<group>";
		};
		1FE2A56229AD0874006E9CD4 /* Basket */ = {
			isa = PBXGroup;
			children = (
				1FE2A56329AD0892006E9CD4 /* Basket.swift */,
				1FE2A56529AD08A6006E9CD4 /* BasketRequestFactory.swift */,
				1FE2A57329AFC32D006E9CD4 /* BasketFunction.swift */,
				1FE2A57529AFC33F006E9CD4 /* BasketBussinesModel.swift */,
			);
			path = Basket;
			sourceTree = "<group>";
		};
		1FE2A57B29B8A40C006E9CD4 /* Login */ = {
			isa = PBXGroup;
			children = (
				1FE2A57C29B8A422006E9CD4 /* LoginFunction.swift */,
				1FE2A57E29B8A42C006E9CD4 /* Login.swift */,
				1FE2A58029B8A43D006E9CD4 /* LoginRequestFactory.swift */,
				1FE2A58229B8A44E006E9CD4 /* LoginBussinesModel.swift */,
			);
			path = Login;
			sourceTree = "<group>";
		};
		F547C8B4BA45586B1F35A1FD /* Frameworks */ = {
			isa = PBXGroup;
			children = (
				8AFB4B3974B97C66E6073315 /* Pods_GBShop.framework */,
				50182F1CDB536C8DD0231E5E /* Pods_GBShop_GBShopUITests.framework */,
				0587CDD0582B61233EFBE865 /* Pods_GBShopTests.framework */,
			);
			name = Frameworks;
			sourceTree = "<group>";
		};
/* End PBXGroup section */

/* Begin PBXNativeTarget section */
		1F6AB4EF2991913B00487207 /* GBShop */ = {
			isa = PBXNativeTarget;
			buildConfigurationList = 1F6AB51A2991913B00487207 /* Build configuration list for PBXNativeTarget "GBShop" */;
			buildPhases = (
				3CAB4DED64BED3551BFDB83F /* [CP] Check Pods Manifest.lock */,
				1F6AB4EC2991913B00487207 /* Sources */,
				1F6AB4ED2991913B00487207 /* Frameworks */,
				1F6AB4EE2991913B00487207 /* Resources */,
				32AD4E71C07ADB29FA6195D8 /* [CP] Embed Pods Frameworks */,
				1FE2A56129A7AF25006E9CD4 /* SwiftLint */,
			);
			buildRules = (
			);
			dependencies = (
			);
			name = GBShop;
			productName = GBShop;
			productReference = 1F6AB4F02991913B00487207 /* GBShop.app */;
			productType = "com.apple.product-type.application";
		};
		1F6AB5052991913B00487207 /* GBShopTests */ = {
			isa = PBXNativeTarget;
			buildConfigurationList = 1F6AB51D2991913B00487207 /* Build configuration list for PBXNativeTarget "GBShopTests" */;
			buildPhases = (
				5C333F75EAA663E6BB1EC14C /* [CP] Check Pods Manifest.lock */,
				1F6AB5022991913B00487207 /* Sources */,
				1F6AB5032991913B00487207 /* Frameworks */,
				1F6AB5042991913B00487207 /* Resources */,
			);
			buildRules = (
			);
			dependencies = (
				1F6AB5082991913B00487207 /* PBXTargetDependency */,
			);
			name = GBShopTests;
			productName = GBShopTests;
			productReference = 1F6AB5062991913B00487207 /* GBShopTests.xctest */;
			productType = "com.apple.product-type.bundle.unit-test";
		};
		1F6AB50F2991913B00487207 /* GBShopUITests */ = {
			isa = PBXNativeTarget;
			buildConfigurationList = 1F6AB5202991913B00487207 /* Build configuration list for PBXNativeTarget "GBShopUITests" */;
			buildPhases = (
				720E7DDCC74AD2732CA67F7E /* [CP] Check Pods Manifest.lock */,
				1F6AB50C2991913B00487207 /* Sources */,
				1F6AB50D2991913B00487207 /* Frameworks */,
				1F6AB50E2991913B00487207 /* Resources */,
				9BFEBADA4B0574A774BE6E0A /* [CP] Embed Pods Frameworks */,
			);
			buildRules = (
			);
			dependencies = (
				1F6AB5122991913B00487207 /* PBXTargetDependency */,
			);
			name = GBShopUITests;
			productName = GBShopUITests;
			productReference = 1F6AB5102991913B00487207 /* GBShopUITests.xctest */;
			productType = "com.apple.product-type.bundle.ui-testing";
		};
/* End PBXNativeTarget section */

/* Begin PBXProject section */
		1F6AB4E82991913B00487207 /* Project object */ = {
			isa = PBXProject;
			attributes = {
				BuildIndependentTargetsInParallel = 1;
				LastSwiftUpdateCheck = 1420;
				LastUpgradeCheck = 1420;
				TargetAttributes = {
					1F6AB4EF2991913B00487207 = {
						CreatedOnToolsVersion = 14.2;
					};
					1F6AB5052991913B00487207 = {
						CreatedOnToolsVersion = 14.2;
						TestTargetID = 1F6AB4EF2991913B00487207;
					};
					1F6AB50F2991913B00487207 = {
						CreatedOnToolsVersion = 14.2;
						TestTargetID = 1F6AB4EF2991913B00487207;
					};
				};
			};
			buildConfigurationList = 1F6AB4EB2991913B00487207 /* Build configuration list for PBXProject "GBShop" */;
			compatibilityVersion = "Xcode 13.0";
			developmentRegion = en;
			hasScannedForEncodings = 0;
			knownRegions = (
				en,
				Base,
			);
			mainGroup = 1F6AB4E72991913B00487207;
			productRefGroup = 1F6AB4F12991913B00487207 /* Products */;
			projectDirPath = "";
			projectRoot = "";
			targets = (
				1F6AB4EF2991913B00487207 /* GBShop */,
				1F6AB5052991913B00487207 /* GBShopTests */,
				1F6AB50F2991913B00487207 /* GBShopUITests */,
			);
		};
/* End PBXProject section */

/* Begin PBXResourcesBuildPhase section */
		1F6AB4EE2991913B00487207 /* Resources */ = {
			isa = PBXResourcesBuildPhase;
			buildActionMask = 2147483647;
			files = (
				1F6AB5002991913B00487207 /* LaunchScreen.storyboard in Resources */,
				1F6AB4FD2991913B00487207 /* Assets.xcassets in Resources */,
			);
			runOnlyForDeploymentPostprocessing = 0;
		};
		1F6AB5042991913B00487207 /* Resources */ = {
			isa = PBXResourcesBuildPhase;
			buildActionMask = 2147483647;
			files = (
			);
			runOnlyForDeploymentPostprocessing = 0;
		};
		1F6AB50E2991913B00487207 /* Resources */ = {
			isa = PBXResourcesBuildPhase;
			buildActionMask = 2147483647;
			files = (
			);
			runOnlyForDeploymentPostprocessing = 0;
		};
/* End PBXResourcesBuildPhase section */

/* Begin PBXShellScriptBuildPhase section */
		1FE2A56129A7AF25006E9CD4 /* SwiftLint */ = {
			isa = PBXShellScriptBuildPhase;
			buildActionMask = 2147483647;
			files = (
			);
			inputFileListPaths = (
			);
			inputPaths = (
			);
			name = SwiftLint;
			outputFileListPaths = (
			);
			outputPaths = (
			);
			runOnlyForDeploymentPostprocessing = 0;
			shellPath = /bin/sh;
			shellScript = "# Type a script or drag a script file from your workspace to insert its path.\n\"${PODS_ROOT}/SwiftLint/swiftlint\" --config .swiftlint.yml\n";
		};
		32AD4E71C07ADB29FA6195D8 /* [CP] Embed Pods Frameworks */ = {
			isa = PBXShellScriptBuildPhase;
			buildActionMask = 2147483647;
			files = (
			);
			inputFileListPaths = (
				"${PODS_ROOT}/Target Support Files/Pods-GBShop/Pods-GBShop-frameworks-${CONFIGURATION}-input-files.xcfilelist",
			);
			name = "[CP] Embed Pods Frameworks";
			outputFileListPaths = (
				"${PODS_ROOT}/Target Support Files/Pods-GBShop/Pods-GBShop-frameworks-${CONFIGURATION}-output-files.xcfilelist",
			);
			runOnlyForDeploymentPostprocessing = 0;
			shellPath = /bin/sh;
			shellScript = "\"${PODS_ROOT}/Target Support Files/Pods-GBShop/Pods-GBShop-frameworks.sh\"\n";
			showEnvVarsInLog = 0;
		};
		3CAB4DED64BED3551BFDB83F /* [CP] Check Pods Manifest.lock */ = {
			isa = PBXShellScriptBuildPhase;
			buildActionMask = 2147483647;
			files = (
			);
			inputFileListPaths = (
			);
			inputPaths = (
				"${PODS_PODFILE_DIR_PATH}/Podfile.lock",
				"${PODS_ROOT}/Manifest.lock",
			);
			name = "[CP] Check Pods Manifest.lock";
			outputFileListPaths = (
			);
			outputPaths = (
				"$(DERIVED_FILE_DIR)/Pods-GBShop-checkManifestLockResult.txt",
			);
			runOnlyForDeploymentPostprocessing = 0;
			shellPath = /bin/sh;
			shellScript = "diff \"${PODS_PODFILE_DIR_PATH}/Podfile.lock\" \"${PODS_ROOT}/Manifest.lock\" > /dev/null\nif [ $? != 0 ] ; then\n    # print error to STDERR\n    echo \"error: The sandbox is not in sync with the Podfile.lock. Run 'pod install' or update your CocoaPods installation.\" >&2\n    exit 1\nfi\n# This output is used by Xcode 'outputs' to avoid re-running this script phase.\necho \"SUCCESS\" > \"${SCRIPT_OUTPUT_FILE_0}\"\n";
			showEnvVarsInLog = 0;
		};
		5C333F75EAA663E6BB1EC14C /* [CP] Check Pods Manifest.lock */ = {
			isa = PBXShellScriptBuildPhase;
			buildActionMask = 2147483647;
			files = (
			);
			inputFileListPaths = (
			);
			inputPaths = (
				"${PODS_PODFILE_DIR_PATH}/Podfile.lock",
				"${PODS_ROOT}/Manifest.lock",
			);
			name = "[CP] Check Pods Manifest.lock";
			outputFileListPaths = (
			);
			outputPaths = (
				"$(DERIVED_FILE_DIR)/Pods-GBShopTests-checkManifestLockResult.txt",
			);
			runOnlyForDeploymentPostprocessing = 0;
			shellPath = /bin/sh;
			shellScript = "diff \"${PODS_PODFILE_DIR_PATH}/Podfile.lock\" \"${PODS_ROOT}/Manifest.lock\" > /dev/null\nif [ $? != 0 ] ; then\n    # print error to STDERR\n    echo \"error: The sandbox is not in sync with the Podfile.lock. Run 'pod install' or update your CocoaPods installation.\" >&2\n    exit 1\nfi\n# This output is used by Xcode 'outputs' to avoid re-running this script phase.\necho \"SUCCESS\" > \"${SCRIPT_OUTPUT_FILE_0}\"\n";
			showEnvVarsInLog = 0;
		};
		720E7DDCC74AD2732CA67F7E /* [CP] Check Pods Manifest.lock */ = {
			isa = PBXShellScriptBuildPhase;
			buildActionMask = 2147483647;
			files = (
			);
			inputFileListPaths = (
			);
			inputPaths = (
				"${PODS_PODFILE_DIR_PATH}/Podfile.lock",
				"${PODS_ROOT}/Manifest.lock",
			);
			name = "[CP] Check Pods Manifest.lock";
			outputFileListPaths = (
			);
			outputPaths = (
				"$(DERIVED_FILE_DIR)/Pods-GBShop-GBShopUITests-checkManifestLockResult.txt",
			);
			runOnlyForDeploymentPostprocessing = 0;
			shellPath = /bin/sh;
			shellScript = "diff \"${PODS_PODFILE_DIR_PATH}/Podfile.lock\" \"${PODS_ROOT}/Manifest.lock\" > /dev/null\nif [ $? != 0 ] ; then\n    # print error to STDERR\n    echo \"error: The sandbox is not in sync with the Podfile.lock. Run 'pod install' or update your CocoaPods installation.\" >&2\n    exit 1\nfi\n# This output is used by Xcode 'outputs' to avoid re-running this script phase.\necho \"SUCCESS\" > \"${SCRIPT_OUTPUT_FILE_0}\"\n";
			showEnvVarsInLog = 0;
		};
		9BFEBADA4B0574A774BE6E0A /* [CP] Embed Pods Frameworks */ = {
			isa = PBXShellScriptBuildPhase;
			buildActionMask = 2147483647;
			files = (
			);
			inputFileListPaths = (
				"${PODS_ROOT}/Target Support Files/Pods-GBShop-GBShopUITests/Pods-GBShop-GBShopUITests-frameworks-${CONFIGURATION}-input-files.xcfilelist",
			);
			name = "[CP] Embed Pods Frameworks";
			outputFileListPaths = (
				"${PODS_ROOT}/Target Support Files/Pods-GBShop-GBShopUITests/Pods-GBShop-GBShopUITests-frameworks-${CONFIGURATION}-output-files.xcfilelist",
			);
			runOnlyForDeploymentPostprocessing = 0;
			shellPath = /bin/sh;
			shellScript = "\"${PODS_ROOT}/Target Support Files/Pods-GBShop-GBShopUITests/Pods-GBShop-GBShopUITests-frameworks.sh\"\n";
			showEnvVarsInLog = 0;
		};
/* End PBXShellScriptBuildPhase section */

/* Begin PBXSourcesBuildPhase section */
		1F6AB4EC2991913B00487207 /* Sources */ = {
			isa = PBXSourcesBuildPhase;
			buildActionMask = 2147483647;
			files = (
				1F541B5D299BD95F00106DEE /* RequestFactory.swift in Sources */,
				1FE2A57F29B8A42C006E9CD4 /* Login.swift in Sources */,
				1F6AB52F299A783A00487207 /* RequestRouter.swift in Sources */,
				1F647D84299BB5C900F8B8A1 /* Gender.swift in Sources */,
				1FE2A58929B8A5D9006E9CD4 /* AddReviewBussinesModel.swift in Sources */,
				1F541B67299C0D9A00106DEE /* ProductRequestFactory.swift in Sources */,
				1FE2A58729B8A5BB006E9CD4 /* AddReview.swift in Sources */,
				1F541B5F299BD97700106DEE /* Auth.swift in Sources */,
				1F541B6B299C0E9300106DEE /* Product.swift in Sources */,
				1F6AB535299A78A600487207 /* ErrorParser.swift in Sources */,
				1FE2A57229AFC2AF006E9CD4 /* ReviewBussinesModel.swift in Sources */,
				1FE2A56E29AFB94F006E9CD4 /* AuthFunction.swift in Sources */,
				1F6AB531299A786A00487207 /* AbstractRequestFactory.swift in Sources */,
				1F647D82299BB58B00F8B8A1 /* ResponseResult.swift in Sources */,
				1FE2A56A29AFB8BF006E9CD4 /* AuthBussinesModel.swift in Sources */,
				1FE2A58329B8A44E006E9CD4 /* LoginBussinesModel.swift in Sources */,
				1FE2A56429AD0892006E9CD4 /* Basket.swift in Sources */,
				1FE2A56629AD08A6006E9CD4 /* BasketRequestFactory.swift in Sources */,
				1F6AB537299A78BF00487207 /* AbstractErrorParser.swift in Sources */,
				1FE2A58529B8A5B1006E9CD4 /* AddReviewRequestFactory.swift in Sources */,
				1FE2A58129B8A43D006E9CD4 /* LoginRequestFactory.swift in Sources */,
				1FE2A57D29B8A422006E9CD4 /* LoginFunction.swift in Sources */,
				1FE2A58D29B92DDC006E9CD4 /* ProductInfoViewController.swift in Sources */,
				1FE2A58B29B8A7F8006E9CD4 /* ProductListViewController.swift in Sources */,
				1FE2A57429AFC32D006E9CD4 /* BasketFunction.swift in Sources */,
				1FE2A57829AFC3D7006E9CD4 /* ProductFunction.swift in Sources */,
				1F541B69299C0DA700106DEE /* ProductList.swift in Sources */,
				1F647D7E299BB56B00F8B8A1 /* LoginResult.swift in Sources */,
				1FE2A57A29AFC3E9006E9CD4 /* ProductBussinesModel.swift in Sources */,
				1FE2A57029AFC295006E9CD4 /* ReviewFunction.swift in Sources */,
				1F647D80299BB57600F8B8A1 /* User.swift in Sources */,
				1FE2A56029A7A99A006E9CD4 /* ResultUserMessage.swift in Sources */,
				1FE2A57629AFC33F006E9CD4 /* BasketBussinesModel.swift in Sources */,
				1FE2A56829AFB876006E9CD4 /* AuthViewController.swift in Sources */,
				1F541B61299BD9A200106DEE /* AuthRequestFactory.swift in Sources */,
				1FE2A55E29A7A8E7006E9CD4 /* Review.swift in Sources */,
				1FE2A58F29B92DF1006E9CD4 /* ReviewUserTableViewCell.swift in Sources */,
				1F6AB52D299A782500487207 /* DataRequest.swift in Sources */,
				1F6AB4F42991913B00487207 /* AppDelegate.swift in Sources */,
				1FE2A59129B92E2F006E9CD4 /* ReviewUser.swift in Sources */,
				1FE2A55C29A7A8DA006E9CD4 /* ReviewRequestFactory.swift in Sources */,
				1FE2A56C29AFB917006E9CD4 /* NetworkModel.swift in Sources */,
				1F6AB4F62991913B00487207 /* SceneDelegate.swift in Sources */,
			);
			runOnlyForDeploymentPostprocessing = 0;
		};
		1F6AB5022991913B00487207 /* Sources */ = {
			isa = PBXSourcesBuildPhase;
			buildActionMask = 2147483647;
			files = (
				1F6AB50B2991913B00487207 /* GBShopTests.swift in Sources */,
				1F541B6F299C12CC00106DEE /* AuthTests.swift in Sources */,
				1F541B6D299C121900106DEE /* ResponseCodableTests.swift in Sources */,
			);
			runOnlyForDeploymentPostprocessing = 0;
		};
		1F6AB50C2991913B00487207 /* Sources */ = {
			isa = PBXSourcesBuildPhase;
			buildActionMask = 2147483647;
			files = (
				1F6AB5152991913B00487207 /* GBShopUITests.swift in Sources */,
			);
			runOnlyForDeploymentPostprocessing = 0;
		};
/* End PBXSourcesBuildPhase section */

/* Begin PBXTargetDependency section */
		1F6AB5082991913B00487207 /* PBXTargetDependency */ = {
			isa = PBXTargetDependency;
			target = 1F6AB4EF2991913B00487207 /* GBShop */;
			targetProxy = 1F6AB5072991913B00487207 /* PBXContainerItemProxy */;
		};
		1F6AB5122991913B00487207 /* PBXTargetDependency */ = {
			isa = PBXTargetDependency;
			target = 1F6AB4EF2991913B00487207 /* GBShop */;
			targetProxy = 1F6AB5112991913B00487207 /* PBXContainerItemProxy */;
		};
/* End PBXTargetDependency section */

/* Begin PBXVariantGroup section */
		1F6AB4FE2991913B00487207 /* LaunchScreen.storyboard */ = {
			isa = PBXVariantGroup;
			children = (
				1F6AB4FF2991913B00487207 /* Base */,
			);
			name = LaunchScreen.storyboard;
			sourceTree = "<group>";
		};
/* End PBXVariantGroup section */

/* Begin XCBuildConfiguration section */
		1F6AB5182991913B00487207 /* Debug */ = {
			isa = XCBuildConfiguration;
			buildSettings = {
				ALWAYS_SEARCH_USER_PATHS = NO;
				CLANG_ANALYZER_NONNULL = YES;
				CLANG_ANALYZER_NUMBER_OBJECT_CONVERSION = YES_AGGRESSIVE;
				CLANG_CXX_LANGUAGE_STANDARD = "gnu++20";
				CLANG_ENABLE_MODULES = YES;
				CLANG_ENABLE_OBJC_ARC = YES;
				CLANG_ENABLE_OBJC_WEAK = YES;
				CLANG_WARN_BLOCK_CAPTURE_AUTORELEASING = YES;
				CLANG_WARN_BOOL_CONVERSION = YES;
				CLANG_WARN_COMMA = YES;
				CLANG_WARN_CONSTANT_CONVERSION = YES;
				CLANG_WARN_DEPRECATED_OBJC_IMPLEMENTATIONS = YES;
				CLANG_WARN_DIRECT_OBJC_ISA_USAGE = YES_ERROR;
				CLANG_WARN_DOCUMENTATION_COMMENTS = YES;
				CLANG_WARN_EMPTY_BODY = YES;
				CLANG_WARN_ENUM_CONVERSION = YES;
				CLANG_WARN_INFINITE_RECURSION = YES;
				CLANG_WARN_INT_CONVERSION = YES;
				CLANG_WARN_NON_LITERAL_NULL_CONVERSION = YES;
				CLANG_WARN_OBJC_IMPLICIT_RETAIN_SELF = YES;
				CLANG_WARN_OBJC_LITERAL_CONVERSION = YES;
				CLANG_WARN_OBJC_ROOT_CLASS = YES_ERROR;
				CLANG_WARN_QUOTED_INCLUDE_IN_FRAMEWORK_HEADER = YES;
				CLANG_WARN_RANGE_LOOP_ANALYSIS = YES;
				CLANG_WARN_STRICT_PROTOTYPES = YES;
				CLANG_WARN_SUSPICIOUS_MOVE = YES;
				CLANG_WARN_UNGUARDED_AVAILABILITY = YES_AGGRESSIVE;
				CLANG_WARN_UNREACHABLE_CODE = YES;
				CLANG_WARN__DUPLICATE_METHOD_MATCH = YES;
				COPY_PHASE_STRIP = NO;
				DEBUG_INFORMATION_FORMAT = dwarf;
				ENABLE_STRICT_OBJC_MSGSEND = YES;
				ENABLE_TESTABILITY = YES;
				GCC_C_LANGUAGE_STANDARD = gnu11;
				GCC_DYNAMIC_NO_PIC = NO;
				GCC_NO_COMMON_BLOCKS = YES;
				GCC_OPTIMIZATION_LEVEL = 0;
				GCC_PREPROCESSOR_DEFINITIONS = (
					"DEBUG=1",
					"$(inherited)",
				);
				GCC_WARN_64_TO_32_BIT_CONVERSION = YES;
				GCC_WARN_ABOUT_RETURN_TYPE = YES_ERROR;
				GCC_WARN_UNDECLARED_SELECTOR = YES;
				GCC_WARN_UNINITIALIZED_AUTOS = YES_AGGRESSIVE;
				GCC_WARN_UNUSED_FUNCTION = YES;
				GCC_WARN_UNUSED_VARIABLE = YES;
				IPHONEOS_DEPLOYMENT_TARGET = 16.2;
				MTL_ENABLE_DEBUG_INFO = INCLUDE_SOURCE;
				MTL_FAST_MATH = YES;
				ONLY_ACTIVE_ARCH = YES;
				SDKROOT = iphoneos;
				SWIFT_ACTIVE_COMPILATION_CONDITIONS = DEBUG;
				SWIFT_OPTIMIZATION_LEVEL = "-Onone";
			};
			name = Debug;
		};
		1F6AB5192991913B00487207 /* Release */ = {
			isa = XCBuildConfiguration;
			buildSettings = {
				ALWAYS_SEARCH_USER_PATHS = NO;
				CLANG_ANALYZER_NONNULL = YES;
				CLANG_ANALYZER_NUMBER_OBJECT_CONVERSION = YES_AGGRESSIVE;
				CLANG_CXX_LANGUAGE_STANDARD = "gnu++20";
				CLANG_ENABLE_MODULES = YES;
				CLANG_ENABLE_OBJC_ARC = YES;
				CLANG_ENABLE_OBJC_WEAK = YES;
				CLANG_WARN_BLOCK_CAPTURE_AUTORELEASING = YES;
				CLANG_WARN_BOOL_CONVERSION = YES;
				CLANG_WARN_COMMA = YES;
				CLANG_WARN_CONSTANT_CONVERSION = YES;
				CLANG_WARN_DEPRECATED_OBJC_IMPLEMENTATIONS = YES;
				CLANG_WARN_DIRECT_OBJC_ISA_USAGE = YES_ERROR;
				CLANG_WARN_DOCUMENTATION_COMMENTS = YES;
				CLANG_WARN_EMPTY_BODY = YES;
				CLANG_WARN_ENUM_CONVERSION = YES;
				CLANG_WARN_INFINITE_RECURSION = YES;
				CLANG_WARN_INT_CONVERSION = YES;
				CLANG_WARN_NON_LITERAL_NULL_CONVERSION = YES;
				CLANG_WARN_OBJC_IMPLICIT_RETAIN_SELF = YES;
				CLANG_WARN_OBJC_LITERAL_CONVERSION = YES;
				CLANG_WARN_OBJC_ROOT_CLASS = YES_ERROR;
				CLANG_WARN_QUOTED_INCLUDE_IN_FRAMEWORK_HEADER = YES;
				CLANG_WARN_RANGE_LOOP_ANALYSIS = YES;
				CLANG_WARN_STRICT_PROTOTYPES = YES;
				CLANG_WARN_SUSPICIOUS_MOVE = YES;
				CLANG_WARN_UNGUARDED_AVAILABILITY = YES_AGGRESSIVE;
				CLANG_WARN_UNREACHABLE_CODE = YES;
				CLANG_WARN__DUPLICATE_METHOD_MATCH = YES;
				COPY_PHASE_STRIP = NO;
				DEBUG_INFORMATION_FORMAT = "dwarf-with-dsym";
				ENABLE_NS_ASSERTIONS = NO;
				ENABLE_STRICT_OBJC_MSGSEND = YES;
				GCC_C_LANGUAGE_STANDARD = gnu11;
				GCC_NO_COMMON_BLOCKS = YES;
				GCC_WARN_64_TO_32_BIT_CONVERSION = YES;
				GCC_WARN_ABOUT_RETURN_TYPE = YES_ERROR;
				GCC_WARN_UNDECLARED_SELECTOR = YES;
				GCC_WARN_UNINITIALIZED_AUTOS = YES_AGGRESSIVE;
				GCC_WARN_UNUSED_FUNCTION = YES;
				GCC_WARN_UNUSED_VARIABLE = YES;
				IPHONEOS_DEPLOYMENT_TARGET = 16.2;
				MTL_ENABLE_DEBUG_INFO = NO;
				MTL_FAST_MATH = YES;
				SDKROOT = iphoneos;
				SWIFT_COMPILATION_MODE = wholemodule;
				SWIFT_OPTIMIZATION_LEVEL = "-O";
				VALIDATE_PRODUCT = YES;
			};
			name = Release;
		};
		1F6AB51B2991913B00487207 /* Debug */ = {
			isa = XCBuildConfiguration;
			baseConfigurationReference = C349352CA08B62CB9F37DDFE /* Pods-GBShop.debug.xcconfig */;
			buildSettings = {
				ASSETCATALOG_COMPILER_APPICON_NAME = AppIcon;
				ASSETCATALOG_COMPILER_GLOBAL_ACCENT_COLOR_NAME = AccentColor;
				CODE_SIGN_STYLE = Automatic;
				CURRENT_PROJECT_VERSION = 1;
				DEVELOPMENT_TEAM = YHNQB5S7XU;
				GENERATE_INFOPLIST_FILE = YES;
				INFOPLIST_FILE = GBShop/Environments/Info.plist;
				INFOPLIST_KEY_UIApplicationSupportsIndirectInputEvents = YES;
				INFOPLIST_KEY_UILaunchStoryboardName = LaunchScreen;
				INFOPLIST_KEY_UISupportedInterfaceOrientations_iPad = "UIInterfaceOrientationPortrait UIInterfaceOrientationPortraitUpsideDown UIInterfaceOrientationLandscapeLeft UIInterfaceOrientationLandscapeRight";
				INFOPLIST_KEY_UISupportedInterfaceOrientations_iPhone = "UIInterfaceOrientationPortrait UIInterfaceOrientationLandscapeLeft UIInterfaceOrientationLandscapeRight";
				LD_RUNPATH_SEARCH_PATHS = (
					"$(inherited)",
					"@executable_path/Frameworks",
				);
				MARKETING_VERSION = 1.0;
				PRODUCT_BUNDLE_IDENTIFIER = Me.GBShop;
				PRODUCT_NAME = "$(TARGET_NAME)";
				SWIFT_EMIT_LOC_STRINGS = YES;
				SWIFT_VERSION = 5.0;
				TARGETED_DEVICE_FAMILY = "1,2";
			};
			name = Debug;
		};
		1F6AB51C2991913B00487207 /* Release */ = {
			isa = XCBuildConfiguration;
			baseConfigurationReference = 9464E953773A4B59F293D911 /* Pods-GBShop.release.xcconfig */;
			buildSettings = {
				ASSETCATALOG_COMPILER_APPICON_NAME = AppIcon;
				ASSETCATALOG_COMPILER_GLOBAL_ACCENT_COLOR_NAME = AccentColor;
				CODE_SIGN_STYLE = Automatic;
				CURRENT_PROJECT_VERSION = 1;
				DEVELOPMENT_TEAM = YHNQB5S7XU;
				GENERATE_INFOPLIST_FILE = YES;
				INFOPLIST_FILE = GBShop/Environments/Info.plist;
				INFOPLIST_KEY_UIApplicationSupportsIndirectInputEvents = YES;
				INFOPLIST_KEY_UILaunchStoryboardName = LaunchScreen;
				INFOPLIST_KEY_UISupportedInterfaceOrientations_iPad = "UIInterfaceOrientationPortrait UIInterfaceOrientationPortraitUpsideDown UIInterfaceOrientationLandscapeLeft UIInterfaceOrientationLandscapeRight";
				INFOPLIST_KEY_UISupportedInterfaceOrientations_iPhone = "UIInterfaceOrientationPortrait UIInterfaceOrientationLandscapeLeft UIInterfaceOrientationLandscapeRight";
				LD_RUNPATH_SEARCH_PATHS = (
					"$(inherited)",
					"@executable_path/Frameworks",
				);
				MARKETING_VERSION = 1.0;
				PRODUCT_BUNDLE_IDENTIFIER = Me.GBShop;
				PRODUCT_NAME = "$(TARGET_NAME)";
				SWIFT_EMIT_LOC_STRINGS = YES;
				SWIFT_VERSION = 5.0;
				TARGETED_DEVICE_FAMILY = "1,2";
			};
			name = Release;
		};
		1F6AB51E2991913B00487207 /* Debug */ = {
			isa = XCBuildConfiguration;
			baseConfigurationReference = 3F7C4A215FEDD247BE082DE5 /* Pods-GBShopTests.debug.xcconfig */;
			buildSettings = {
				ALWAYS_EMBED_SWIFT_STANDARD_LIBRARIES = YES;
				BUNDLE_LOADER = "$(TEST_HOST)";
				CODE_SIGN_STYLE = Automatic;
				CURRENT_PROJECT_VERSION = 1;
				DEVELOPMENT_TEAM = YHNQB5S7XU;
				GENERATE_INFOPLIST_FILE = YES;
				IPHONEOS_DEPLOYMENT_TARGET = 16.2;
				MARKETING_VERSION = 1.0;
				PRODUCT_BUNDLE_IDENTIFIER = Me.GBShopTests;
				PRODUCT_NAME = "$(TARGET_NAME)";
				SWIFT_EMIT_LOC_STRINGS = NO;
				SWIFT_VERSION = 5.0;
				TARGETED_DEVICE_FAMILY = "1,2";
				TEST_HOST = "$(BUILT_PRODUCTS_DIR)/GBShop.app/$(BUNDLE_EXECUTABLE_FOLDER_PATH)/GBShop";
			};
			name = Debug;
		};
		1F6AB51F2991913B00487207 /* Release */ = {
			isa = XCBuildConfiguration;
			baseConfigurationReference = B9861B8DEA6BF2AEAC9FEC60 /* Pods-GBShopTests.release.xcconfig */;
			buildSettings = {
				ALWAYS_EMBED_SWIFT_STANDARD_LIBRARIES = YES;
				BUNDLE_LOADER = "$(TEST_HOST)";
				CODE_SIGN_STYLE = Automatic;
				CURRENT_PROJECT_VERSION = 1;
				DEVELOPMENT_TEAM = YHNQB5S7XU;
				GENERATE_INFOPLIST_FILE = YES;
				IPHONEOS_DEPLOYMENT_TARGET = 16.2;
				MARKETING_VERSION = 1.0;
				PRODUCT_BUNDLE_IDENTIFIER = Me.GBShopTests;
				PRODUCT_NAME = "$(TARGET_NAME)";
				SWIFT_EMIT_LOC_STRINGS = NO;
				SWIFT_VERSION = 5.0;
				TARGETED_DEVICE_FAMILY = "1,2";
				TEST_HOST = "$(BUILT_PRODUCTS_DIR)/GBShop.app/$(BUNDLE_EXECUTABLE_FOLDER_PATH)/GBShop";
			};
			name = Release;
		};
		1F6AB5212991913B00487207 /* Debug */ = {
			isa = XCBuildConfiguration;
			baseConfigurationReference = 9F848A94A0109A5ED9E74915 /* Pods-GBShop-GBShopUITests.debug.xcconfig */;
			buildSettings = {
				ALWAYS_EMBED_SWIFT_STANDARD_LIBRARIES = YES;
				CODE_SIGN_STYLE = Automatic;
				CURRENT_PROJECT_VERSION = 1;
				DEVELOPMENT_TEAM = YHNQB5S7XU;
				GENERATE_INFOPLIST_FILE = YES;
				MARKETING_VERSION = 1.0;
				PRODUCT_BUNDLE_IDENTIFIER = Me.GBShopUITests;
				PRODUCT_NAME = "$(TARGET_NAME)";
				SWIFT_EMIT_LOC_STRINGS = NO;
				SWIFT_VERSION = 5.0;
				TARGETED_DEVICE_FAMILY = "1,2";
				TEST_TARGET_NAME = GBShop;
			};
			name = Debug;
		};
		1F6AB5222991913B00487207 /* Release */ = {
			isa = XCBuildConfiguration;
			baseConfigurationReference = AFE94C197E94EF8499357202 /* Pods-GBShop-GBShopUITests.release.xcconfig */;
			buildSettings = {
				ALWAYS_EMBED_SWIFT_STANDARD_LIBRARIES = YES;
				CODE_SIGN_STYLE = Automatic;
				CURRENT_PROJECT_VERSION = 1;
				DEVELOPMENT_TEAM = YHNQB5S7XU;
				GENERATE_INFOPLIST_FILE = YES;
				MARKETING_VERSION = 1.0;
				PRODUCT_BUNDLE_IDENTIFIER = Me.GBShopUITests;
				PRODUCT_NAME = "$(TARGET_NAME)";
				SWIFT_EMIT_LOC_STRINGS = NO;
				SWIFT_VERSION = 5.0;
				TARGETED_DEVICE_FAMILY = "1,2";
				TEST_TARGET_NAME = GBShop;
			};
			name = Release;
		};
/* End XCBuildConfiguration section */

/* Begin XCConfigurationList section */
		1F6AB4EB2991913B00487207 /* Build configuration list for PBXProject "GBShop" */ = {
			isa = XCConfigurationList;
			buildConfigurations = (
				1F6AB5182991913B00487207 /* Debug */,
				1F6AB5192991913B00487207 /* Release */,
			);
			defaultConfigurationIsVisible = 0;
			defaultConfigurationName = Release;
		};
		1F6AB51A2991913B00487207 /* Build configuration list for PBXNativeTarget "GBShop" */ = {
			isa = XCConfigurationList;
			buildConfigurations = (
				1F6AB51B2991913B00487207 /* Debug */,
				1F6AB51C2991913B00487207 /* Release */,
			);
			defaultConfigurationIsVisible = 0;
			defaultConfigurationName = Release;
		};
		1F6AB51D2991913B00487207 /* Build configuration list for PBXNativeTarget "GBShopTests" */ = {
			isa = XCConfigurationList;
			buildConfigurations = (
				1F6AB51E2991913B00487207 /* Debug */,
				1F6AB51F2991913B00487207 /* Release */,
			);
			defaultConfigurationIsVisible = 0;
			defaultConfigurationName = Release;
		};
		1F6AB5202991913B00487207 /* Build configuration list for PBXNativeTarget "GBShopUITests" */ = {
			isa = XCConfigurationList;
			buildConfigurations = (
				1F6AB5212991913B00487207 /* Debug */,
				1F6AB5222991913B00487207 /* Release */,
			);
			defaultConfigurationIsVisible = 0;
			defaultConfigurationName = Release;
		};
/* End XCConfigurationList section */
	};
	rootObject = 1F6AB4E82991913B00487207 /* Project object */;
}
